
Microsoft Visual Studio Solution File, Format Version 12.00
# Visual Studio Version 16
VisualStudioVersion = 16.0.31005.135
MinimumVisualStudioVersion = 10.0.40219.1
Project("{FAE04EC0-301F-11D3-BF4B-00C04F79EFBC}") = "Entities", "Entities\Entities.csproj", "{4F1FC272-E016-4EB7-BDE5-085E32BF9E2B}"
EndProject
Project("{FAE04EC0-301F-11D3-BF4B-00C04F79EFBC}") = "DataAccess", "DataAccess\DataAccess.csproj", "{1C4B58D0-98E5-4873-A549-30061CC759BA}"
EndProject
Project("{FAE04EC0-301F-11D3-BF4B-00C04F79EFBC}") = "Business", "Business\Business.csproj", "{5D8577BD-D270-418F-8B41-6BBDE441E518}"
EndProject
Project("{FAE04EC0-301F-11D3-BF4B-00C04F79EFBC}") = "ConsoleUI", "ConsoleUI\ConsoleUI.csproj", "{EF90750A-31F6-403F-ABBF-795D4AE3D584}"
EndProject
Global
	GlobalSection(SolutionConfigurationPlatforms) = preSolution
		Debug|Any CPU = Debug|Any CPU
		Release|Any CPU = Release|Any CPU
	EndGlobalSection
	GlobalSection(ProjectConfigurationPlatforms) = postSolution
		{4F1FC272-E016-4EB7-BDE5-085E32BF9E2B}.Debug|Any CPU.ActiveCfg = Debug|Any CPU
		{4F1FC272-E016-4EB7-BDE5-085E32BF9E2B}.Debug|Any CPU.Build.0 = Debug|Any CPU
		{4F1FC272-E016-4EB7-BDE5-085E32BF9E2B}.Release|Any CPU.ActiveCfg = Release|Any CPU
		{4F1FC272-E016-4EB7-BDE5-085E32BF9E2B}.Release|Any CPU.Build.0 = Release|Any CPU
		{1C4B58D0-98E5-4873-A549-30061CC759BA}.Debug|Any CPU.ActiveCfg = Debug|Any CPU
		{1C4B58D0-98E5-4873-A549-30061CC759BA}.Debug|Any CPU.Build.0 = Debug|Any CPU
		{1C4B58D0-98E5-4873-A549-30061CC759BA}.Release|Any CPU.ActiveCfg = Release|Any CPU
		{1C4B58D0-98E5-4873-A549-30061CC759BA}.Release|Any CPU.Build.0 = Release|Any CPU
		{5D8577BD-D270-418F-8B41-6BBDE441E518}.Debug|Any CPU.ActiveCfg = Debug|Any CPU
		{5D8577BD-D270-418F-8B41-6BBDE441E518}.Debug|Any CPU.Build.0 = Debug|Any CPU
		{5D8577BD-D270-418F-8B41-6BBDE441E518}.Release|Any CPU.ActiveCfg = Release|Any CPU
		{5D8577BD-D270-418F-8B41-6BBDE441E518}.Release|Any CPU.Build.0 = Release|Any CPU
		{EF90750A-31F6-403F-ABBF-795D4AE3D584}.Debug|Any CPU.ActiveCfg = Debug|Any CPU
		{EF90750A-31F6-403F-ABBF-795D4AE3D584}.Debug|Any CPU.Build.0 = Debug|Any CPU
		{EF90750A-31F6-403F-ABBF-795D4AE3D584}.Release|Any CPU.ActiveCfg = Release|Any CPU
		{EF90750A-31F6-403F-ABBF-795D4AE3D584}.Release|Any CPU.Build.0 = Release|Any CPU
	EndGlobalSection
	GlobalSection(SolutionProperties) = preSolution
		HideSolutionNode = FALSE
	EndGlobalSection
	GlobalSection(ExtensibilityGlobals) = postSolution
		SolutionGuid = {091D308F-69A4-4915-8220-C87BE52BDE22}
	EndGlobalSection
EndGlobal
